
Microsoft Visual Studio Solution File, Format Version 12.00
# Visual Studio 14
VisualStudioVersion = 14.0.22823.1
MinimumVisualStudioVersion = 10.0.40219.1
Project("{FAE04EC0-301F-11D3-BF4B-00C04F79EFBC}") = "Shots", "Shots\Shots.csproj", "{25FB1EA9-3C39-4A69-8104-B2DF1A95C54A}"
EndProject
Project("{FAE04EC0-301F-11D3-BF4B-00C04F79EFBC}") = "Shots.Core", "Shots.Core\Shots.Core.csproj", "{8EB9CEC9-3AD7-427D-9BF5-72D2B5B67D20}"
EndProject
Project("{FAE04EC0-301F-11D3-BF4B-00C04F79EFBC}") = "Shots.Web", "Shots.Web\Shots.Web.csproj", "{BC764EE0-FE1B-4499-95C3-57A8E6B97601}"
EndProject
Global
	GlobalSection(SolutionConfigurationPlatforms) = preSolution
		Debug|Any CPU = Debug|Any CPU
		Debug|ARM = Debug|ARM
		Debug|x86 = Debug|x86
		Release|Any CPU = Release|Any CPU
		Release|ARM = Release|ARM
		Release|x86 = Release|x86
	EndGlobalSection
	GlobalSection(ProjectConfigurationPlatforms) = postSolution
		{25FB1EA9-3C39-4A69-8104-B2DF1A95C54A}.Debug|Any CPU.ActiveCfg = Debug|Any CPU
		{25FB1EA9-3C39-4A69-8104-B2DF1A95C54A}.Debug|Any CPU.Build.0 = Debug|Any CPU
		{25FB1EA9-3C39-4A69-8104-B2DF1A95C54A}.Debug|Any CPU.Deploy.0 = Debug|Any CPU
		{25FB1EA9-3C39-4A69-8104-B2DF1A95C54A}.Debug|ARM.ActiveCfg = Debug|ARM
		{25FB1EA9-3C39-4A69-8104-B2DF1A95C54A}.Debug|ARM.Build.0 = Debug|ARM
		{25FB1EA9-3C39-4A69-8104-B2DF1A95C54A}.Debug|ARM.Deploy.0 = Debug|ARM
		{25FB1EA9-3C39-4A69-8104-B2DF1A95C54A}.Debug|x86.ActiveCfg = Debug|x86
		{25FB1EA9-3C39-4A69-8104-B2DF1A95C54A}.Debug|x86.Build.0 = Debug|x86
		{25FB1EA9-3C39-4A69-8104-B2DF1A95C54A}.Debug|x86.Deploy.0 = Debug|x86
		{25FB1EA9-3C39-4A69-8104-B2DF1A95C54A}.Release|Any CPU.ActiveCfg = Release|Any CPU
		{25FB1EA9-3C39-4A69-8104-B2DF1A95C54A}.Release|Any CPU.Build.0 = Release|Any CPU
		{25FB1EA9-3C39-4A69-8104-B2DF1A95C54A}.Release|Any CPU.Deploy.0 = Release|Any CPU
		{25FB1EA9-3C39-4A69-8104-B2DF1A95C54A}.Release|ARM.ActiveCfg = Release|ARM
		{25FB1EA9-3C39-4A69-8104-B2DF1A95C54A}.Release|ARM.Build.0 = Release|ARM
		{25FB1EA9-3C39-4A69-8104-B2DF1A95C54A}.Release|ARM.Deploy.0 = Release|ARM
		{25FB1EA9-3C39-4A69-8104-B2DF1A95C54A}.Release|x86.ActiveCfg = Release|x86
		{25FB1EA9-3C39-4A69-8104-B2DF1A95C54A}.Release|x86.Build.0 = Release|x86
		{25FB1EA9-3C39-4A69-8104-B2DF1A95C54A}.Release|x86.Deploy.0 = Release|x86
		{8EB9CEC9-3AD7-427D-9BF5-72D2B5B67D20}.Debug|Any CPU.ActiveCfg = Debug|Any CPU
		{8EB9CEC9-3AD7-427D-9BF5-72D2B5B67D20}.Debug|Any CPU.Build.0 = Debug|Any CPU
		{8EB9CEC9-3AD7-427D-9BF5-72D2B5B67D20}.Debug|ARM.ActiveCfg = Debug|ARM
		{8EB9CEC9-3AD7-427D-9BF5-72D2B5B67D20}.Debug|ARM.Build.0 = Debug|ARM
		{8EB9CEC9-3AD7-427D-9BF5-72D2B5B67D20}.Debug|x86.ActiveCfg = Debug|x86
		{8EB9CEC9-3AD7-427D-9BF5-72D2B5B67D20}.Debug|x86.Build.0 = Debug|x86
		{8EB9CEC9-3AD7-427D-9BF5-72D2B5B67D20}.Release|Any CPU.ActiveCfg = Release|Any CPU
		{8EB9CEC9-3AD7-427D-9BF5-72D2B5B67D20}.Release|Any CPU.Build.0 = Release|Any CPU
		{8EB9CEC9-3AD7-427D-9BF5-72D2B5B67D20}.Release|ARM.ActiveCfg = Release|ARM
		{8EB9CEC9-3AD7-427D-9BF5-72D2B5B67D20}.Release|ARM.Build.0 = Release|ARM
		{8EB9CEC9-3AD7-427D-9BF5-72D2B5B67D20}.Release|x86.ActiveCfg = Release|x86
		{8EB9CEC9-3AD7-427D-9BF5-72D2B5B67D20}.Release|x86.Build.0 = Release|x86
		{BC764EE0-FE1B-4499-95C3-57A8E6B97601}.Debug|Any CPU.ActiveCfg = Debug|Any CPU
		{BC764EE0-FE1B-4499-95C3-57A8E6B97601}.Debug|Any CPU.Build.0 = Debug|Any CPU
		{BC764EE0-FE1B-4499-95C3-57A8E6B97601}.Debug|ARM.ActiveCfg = Debug|ARM
		{BC764EE0-FE1B-4499-95C3-57A8E6B97601}.Debug|ARM.Build.0 = Debug|ARM
		{BC764EE0-FE1B-4499-95C3-57A8E6B97601}.Debug|x86.ActiveCfg = Debug|x86
		{BC764EE0-FE1B-4499-95C3-57A8E6B97601}.Debug|x86.Build.0 = Debug|x86
		{BC764EE0-FE1B-4499-95C3-57A8E6B97601}.Release|Any CPU.ActiveCfg = Release|Any CPU
		{BC764EE0-FE1B-4499-95C3-57A8E6B97601}.Release|Any CPU.Build.0 = Release|Any CPU
		{BC764EE0-FE1B-4499-95C3-57A8E6B97601}.Release|ARM.ActiveCfg = Release|ARM
		{BC764EE0-FE1B-4499-95C3-57A8E6B97601}.Release|ARM.Build.0 = Release|ARM
		{BC764EE0-FE1B-4499-95C3-57A8E6B97601}.Release|x86.ActiveCfg = Release|x86
		{BC764EE0-FE1B-4499-95C3-57A8E6B97601}.Release|x86.Build.0 = Release|x86
	EndGlobalSection
	GlobalSection(SolutionProperties) = preSolution
		HideSolutionNode = FALSE
	EndGlobalSection
EndGlobal
